
Microsoft Visual Studio Solution File, Format Version 12.00
# Visual Studio Version 16
VisualStudioVersion = 16.0.31313.79
MinimumVisualStudioVersion = 10.0.40219.1
Project("{FAE04EC0-301F-11D3-BF4B-00C04F79EFBC}") = "Hasta_Kayıt", "Hasta_Kayıt.csproj", "{7280970F-CA0A-4D47-9F02-C45D59AFBB99}"
EndProject
Global
	GlobalSection(SolutionConfigurationPlatforms) = preSolution
		Debug|Any CPU = Debug|Any CPU
		Release|Any CPU = Release|Any CPU
	EndGlobalSection
	GlobalSection(ProjectConfigurationPlatforms) = postSolution
		{7280970F-CA0A-4D47-9F02-C45D59AFBB99}.Debug|Any CPU.ActiveCfg = Debug|Any CPU
		{7280970F-CA0A-4D47-9F02-C45D59AFBB99}.Debug|Any CPU.Build.0 = Debug|Any CPU
		{7280970F-CA0A-4D47-9F02-C45D59AFBB99}.Release|Any CPU.ActiveCfg = Release|Any CPU
		{7280970F-CA0A-4D47-9F02-C45D59AFBB99}.Release|Any CPU.Build.0 = Release|Any CPU
	EndGlobalSection
	GlobalSection(SolutionProperties) = preSolution
		HideSolutionNode = FALSE
	EndGlobalSection
	GlobalSection(ExtensibilityGlobals) = postSolution
		SolutionGuid = {4CD3851A-C120-461D-B970-2BFA86A12CD4}
	EndGlobalSection
EndGlobal
